
Microsoft Visual Studio Solution File, Format Version 12.00
# Visual Studio Version 16
VisualStudioVersion = 16.0.30717.126
MinimumVisualStudioVersion = 10.0.40219.1
Project("{9A19103F-16F7-4668-BE54-9A1E7A4F7556}") = "Blog", "Blog\Blog.csproj", "{B4BC138E-FD83-46A4-97F4-39B41A4C87A5}"
EndProject
Global
	GlobalSection(SolutionConfigurationPlatforms) = preSolution
		Debug|Any CPU = Debug|Any CPU
		Release|Any CPU = Release|Any CPU
	EndGlobalSection
	GlobalSection(ProjectConfigurationPlatforms) = postSolution
		{B4BC138E-FD83-46A4-97F4-39B41A4C87A5}.Debug|Any CPU.ActiveCfg = Debug|Any CPU
		{B4BC138E-FD83-46A4-97F4-39B41A4C87A5}.Debug|Any CPU.Build.0 = Debug|Any CPU
		{B4BC138E-FD83-46A4-97F4-39B41A4C87A5}.Release|Any CPU.ActiveCfg = Release|Any CPU
		{B4BC138E-FD83-46A4-97F4-39B41A4C87A5}.Release|Any CPU.Build.0 = Release|Any CPU
	EndGlobalSection
	GlobalSection(SolutionProperties) = preSolution
		HideSolutionNode = FALSE
	EndGlobalSection
	GlobalSection(ExtensibilityGlobals) = postSolution
		SolutionGuid = {A9AB94EB-064C-47C3-87FF-439D2540A1FB}
	EndGlobalSection
EndGlobal
